
Microsoft Visual Studio Solution File, Format Version 12.00
# Visual Studio 15
VisualStudioVersion = 15.0.27428.2043
MinimumVisualStudioVersion = 10.0.40219.1
Project("{FAE04EC0-301F-11D3-BF4B-00C04F79EFBC}") = "TextDetector", "TextDetector\TextDetector.csproj", "{0C8F795F-73B5-4B07-ADC8-654C4033830C}"
EndProject
Project("{FAE04EC0-301F-11D3-BF4B-00C04F79EFBC}") = "OcrWebJob", "OcrWebJob\OcrWebJob.csproj", "{10B73DEF-06C8-4E94-AADE-C5BD93ACD266}"
EndProject
Project("{FAE04EC0-301F-11D3-BF4B-00C04F79EFBC}") = "ConsoleApp", "ConsoleApp\ConsoleApp.csproj", "{622B0A3A-E3C0-420D-9B70-3A491F981FF1}"
EndProject
Global
	GlobalSection(SolutionConfigurationPlatforms) = preSolution
		Debug|Any CPU = Debug|Any CPU
		Release|Any CPU = Release|Any CPU
	EndGlobalSection
	GlobalSection(ProjectConfigurationPlatforms) = postSolution
		{0C8F795F-73B5-4B07-ADC8-654C4033830C}.Debug|Any CPU.ActiveCfg = Debug|Any CPU
		{0C8F795F-73B5-4B07-ADC8-654C4033830C}.Debug|Any CPU.Build.0 = Debug|Any CPU
		{0C8F795F-73B5-4B07-ADC8-654C4033830C}.Release|Any CPU.ActiveCfg = Release|Any CPU
		{0C8F795F-73B5-4B07-ADC8-654C4033830C}.Release|Any CPU.Build.0 = Release|Any CPU
		{10B73DEF-06C8-4E94-AADE-C5BD93ACD266}.Debug|Any CPU.ActiveCfg = Debug|Any CPU
		{10B73DEF-06C8-4E94-AADE-C5BD93ACD266}.Debug|Any CPU.Build.0 = Debug|Any CPU
		{10B73DEF-06C8-4E94-AADE-C5BD93ACD266}.Release|Any CPU.ActiveCfg = Release|Any CPU
		{10B73DEF-06C8-4E94-AADE-C5BD93ACD266}.Release|Any CPU.Build.0 = Release|Any CPU
		{622B0A3A-E3C0-420D-9B70-3A491F981FF1}.Debug|Any CPU.ActiveCfg = Debug|Any CPU
		{622B0A3A-E3C0-420D-9B70-3A491F981FF1}.Debug|Any CPU.Build.0 = Debug|Any CPU
		{622B0A3A-E3C0-420D-9B70-3A491F981FF1}.Release|Any CPU.ActiveCfg = Release|Any CPU
		{622B0A3A-E3C0-420D-9B70-3A491F981FF1}.Release|Any CPU.Build.0 = Release|Any CPU
	EndGlobalSection
	GlobalSection(SolutionProperties) = preSolution
		HideSolutionNode = FALSE
	EndGlobalSection
	GlobalSection(ExtensibilityGlobals) = postSolution
		SolutionGuid = {1183BF9A-60E9-4C23-B97B-B8532C5954BC}
	EndGlobalSection
EndGlobal
